// !$*UTF8*$!
{
	archiveVersion = 1;
	classes = {
	};
	objectVersion = 56;
	objects = {

/* Begin PBXBuildFile section */
		33D266BDF418826A345793F5 /* EntityInfo-Textatize.generated.swift in Sources */ = {isa = PBXBuildFile; fileRef = D884862685EE411F62FBBC9D /* EntityInfo-Textatize.generated.swift */; };
		5409777E2A1D42480079862F /* RegisterViewModel.swift in Sources */ = {isa = PBXBuildFile; fileRef = 5409777D2A1D42480079862F /* RegisterViewModel.swift */; };
		540977812A1E41500079862F /* DataManager.swift in Sources */ = {isa = PBXBuildFile; fileRef = 540977802A1E41500079862F /* DataManager.swift */; };
		540977842A1E44BD0079862F /* MainEventViewModel.swift in Sources */ = {isa = PBXBuildFile; fileRef = 540977832A1E44BD0079862F /* MainEventViewModel.swift */; };
		540977862A1E522C0079862F /* EnumHelpers.swift in Sources */ = {isa = PBXBuildFile; fileRef = 540977852A1E522C0079862F /* EnumHelpers.swift */; };
		540977892A1E55310079862F /* CheckInfoViewModel.swift in Sources */ = {isa = PBXBuildFile; fileRef = 540977882A1E55310079862F /* CheckInfoViewModel.swift */; };
		541997322A262A23001353BC /* ImageDetailView.swift in Sources */ = {isa = PBXBuildFile; fileRef = 541997312A262A23001353BC /* ImageDetailView.swift */; };
		541AAF802A16AA9600C4BCA4 /* FrameScreen.swift in Sources */ = {isa = PBXBuildFile; fileRef = 541AAF7F2A16AA9600C4BCA4 /* FrameScreen.swift */; };
		5423416D2A49C3DC00DB8FD8 /* SettingsButton.swift in Sources */ = {isa = PBXBuildFile; fileRef = 5423416C2A49C3DC00DB8FD8 /* SettingsButton.swift */; };
		542341702A49C43000DB8FD8 /* SettingsScreenViewModel.swift in Sources */ = {isa = PBXBuildFile; fileRef = 5423416F2A49C43000DB8FD8 /* SettingsScreenViewModel.swift */; };
		542D540B2A20030D0016BCB2 /* CustomBackButtom.swift in Sources */ = {isa = PBXBuildFile; fileRef = 542D540A2A20030D0016BCB2 /* CustomBackButtom.swift */; };
		542D540D2A2010B50016BCB2 /* EventResponse.swift in Sources */ = {isa = PBXBuildFile; fileRef = 542D540C2A2010B50016BCB2 /* EventResponse.swift */; };
		542D540F2A2020B80016BCB2 /* MediasResponse.swift in Sources */ = {isa = PBXBuildFile; fileRef = 542D540E2A2020B80016BCB2 /* MediasResponse.swift */; };
		54309C7C2A128A5B00C02B14 /* Colors.swift in Sources */ = {isa = PBXBuildFile; fileRef = 54309C7B2A128A5B00C02B14 /* Colors.swift */; };
		54309C7E2A12DDB500C02B14 /* Images.swift in Sources */ = {isa = PBXBuildFile; fileRef = 54309C7D2A12DDB500C02B14 /* Images.swift */; };
		54309C802A13013100C02B14 /* ForgotPasswordScreen.swift in Sources */ = {isa = PBXBuildFile; fileRef = 54309C7F2A13013100C02B14 /* ForgotPasswordScreen.swift */; };
		54309C822A130D1F00C02B14 /* RecoveryScreen.swift in Sources */ = {isa = PBXBuildFile; fileRef = 54309C812A130D1F00C02B14 /* RecoveryScreen.swift */; };
		54309C842A13256F00C02B14 /* NewPasswordScreen.swift in Sources */ = {isa = PBXBuildFile; fileRef = 54309C832A13256F00C02B14 /* NewPasswordScreen.swift */; };
		54309C862A13331100C02B14 /* CreateAccountScreen.swift in Sources */ = {isa = PBXBuildFile; fileRef = 54309C852A13331100C02B14 /* CreateAccountScreen.swift */; };
		54309C882A13A77400C02B14 /* VerificationScreen.swift in Sources */ = {isa = PBXBuildFile; fileRef = 54309C872A13A77400C02B14 /* VerificationScreen.swift */; };
		54309C8A2A13A8D300C02B14 /* ThanksScreen.swift in Sources */ = {isa = PBXBuildFile; fileRef = 54309C892A13A8D300C02B14 /* ThanksScreen.swift */; };
		54309C8D2A13AA9000C02B14 /* Modifiers.swift in Sources */ = {isa = PBXBuildFile; fileRef = 54309C8C2A13AA9000C02B14 /* Modifiers.swift */; };
		54309C902A13C89800C02B14 /* CustomButton.swift in Sources */ = {isa = PBXBuildFile; fileRef = 54309C8F2A13C89700C02B14 /* CustomButton.swift */; };
		543263412A173D7600C96A1A /* AbstractServerObject.swift in Sources */ = {isa = PBXBuildFile; fileRef = 543263402A173D7600C96A1A /* AbstractServerObject.swift */; };
		543263432A173FD000C96A1A /* User.swift in Sources */ = {isa = PBXBuildFile; fileRef = 543263422A173FD000C96A1A /* User.swift */; };
		543263452A1749F700C96A1A /* TextatizeAPI.swift in Sources */ = {isa = PBXBuildFile; fileRef = 543263442A1749F700C96A1A /* TextatizeAPI.swift */; };
		543263482A17521D00C96A1A /* UserResponse.swift in Sources */ = {isa = PBXBuildFile; fileRef = 543263472A17521D00C96A1A /* UserResponse.swift */; };
		5432634A2A17525400C96A1A /* ServerResponse.swift in Sources */ = {isa = PBXBuildFile; fileRef = 543263492A17525400C96A1A /* ServerResponse.swift */; };
		5432634C2A17562D00C96A1A /* TextatizeLoginManager.swift in Sources */ = {isa = PBXBuildFile; fileRef = 5432634B2A17562D00C96A1A /* TextatizeLoginManager.swift */; };
		5432634E2A17571900C96A1A /* Keychain.swift in Sources */ = {isa = PBXBuildFile; fileRef = 5432634D2A17571900C96A1A /* Keychain.swift */; };
		543263502A175A0100C96A1A /* ServerError.swift in Sources */ = {isa = PBXBuildFile; fileRef = 5432634F2A175A0100C96A1A /* ServerError.swift */; };
		543263522A17603200C96A1A /* Event.swift in Sources */ = {isa = PBXBuildFile; fileRef = 543263512A17603200C96A1A /* Event.swift */; };
		543263542A1760E700C96A1A /* EventsResponse.swift in Sources */ = {isa = PBXBuildFile; fileRef = 543263532A1760E700C96A1A /* EventsResponse.swift */; };
		543263592A17A85400C96A1A /* LoginViewModel.swift in Sources */ = {isa = PBXBuildFile; fileRef = 543263582A17A85400C96A1A /* LoginViewModel.swift */; };
		54355EAD2A1662EC00E47732 /* AddCard.swift in Sources */ = {isa = PBXBuildFile; fileRef = 54355EAC2A1662EC00E47732 /* AddCard.swift */; };
		54355EAF2A1666C300E47732 /* FrameCard.swift in Sources */ = {isa = PBXBuildFile; fileRef = 54355EAE2A1666C300E47732 /* FrameCard.swift */; };
		544BCB572A27F43C005E4068 /* CameraView.swift in Sources */ = {isa = PBXBuildFile; fileRef = 544BCB562A27F43C005E4068 /* CameraView.swift */; };
		54511EC02A152F75002590A7 /* EventCard.swift in Sources */ = {isa = PBXBuildFile; fileRef = 54511EBF2A152F75002590A7 /* EventCard.swift */; };
		54511EC52A156A4D002590A7 /* EditEventScreen.swift in Sources */ = {isa = PBXBuildFile; fileRef = 54511EC42A156A4D002590A7 /* EditEventScreen.swift */; };
		54568E952A127D89001F5CE7 /* TextatizeApp.swift in Sources */ = {isa = PBXBuildFile; fileRef = 54568E942A127D89001F5CE7 /* TextatizeApp.swift */; };
		54568E992A127D91001F5CE7 /* Assets.xcassets in Resources */ = {isa = PBXBuildFile; fileRef = 54568E982A127D91001F5CE7 /* Assets.xcassets */; };
		54568EA62A127D92001F5CE7 /* TextatizeTests.swift in Sources */ = {isa = PBXBuildFile; fileRef = 54568EA52A127D92001F5CE7 /* TextatizeTests.swift */; };
		54568EB02A127D92001F5CE7 /* TextatizeUITests.swift in Sources */ = {isa = PBXBuildFile; fileRef = 54568EAF2A127D92001F5CE7 /* TextatizeUITests.swift */; };
		54568EB22A127D92001F5CE7 /* TextatizeUITestsLaunchTests.swift in Sources */ = {isa = PBXBuildFile; fileRef = 54568EB12A127D92001F5CE7 /* TextatizeUITestsLaunchTests.swift */; };
		54568EC12A1283F5001F5CE7 /* LoginScreen.swift in Sources */ = {isa = PBXBuildFile; fileRef = 54568EC02A1283F5001F5CE7 /* LoginScreen.swift */; };
		54568EC42A128496001F5CE7 /* Texts.swift in Sources */ = {isa = PBXBuildFile; fileRef = 54568EC32A128496001F5CE7 /* Texts.swift */; };
		5459E5AC2A1656580008930B /* ChangePasswordScreen.swift in Sources */ = {isa = PBXBuildFile; fileRef = 5459E5AB2A1656580008930B /* ChangePasswordScreen.swift */; };
		545A82D92A2F6F2B003E677A /* PaginatedResponse.swift in Sources */ = {isa = PBXBuildFile; fileRef = 545A82D82A2F6F2B003E677A /* PaginatedResponse.swift */; };
		54603F242A3B9A340018741B /* ImagePicker.swift in Sources */ = {isa = PBXBuildFile; fileRef = 54603F232A3B9A340018741B /* ImagePicker.swift */; };
		5460D3492A167D7300D7265C /* FrameEditingScreen.swift in Sources */ = {isa = PBXBuildFile; fileRef = 5460D3482A167D7300D7265C /* FrameEditingScreen.swift */; };
		5462C02F2A3662A6008E0AD9 /* CameraPreview.swift in Sources */ = {isa = PBXBuildFile; fileRef = 5462C02E2A3662A6008E0AD9 /* CameraPreview.swift */; };
		5468EF962A2FE8A4001C6FC5 /* Frame.swift in Sources */ = {isa = PBXBuildFile; fileRef = 5468EF952A2FE8A4001C6FC5 /* Frame.swift */; };
		5468EF982A2FF12A001C6FC5 /* FrameResponse.swift in Sources */ = {isa = PBXBuildFile; fileRef = 5468EF972A2FF12A001C6FC5 /* FrameResponse.swift */; };
		5468EF9A2A2FF175001C6FC5 /* FramesResponse.swift in Sources */ = {isa = PBXBuildFile; fileRef = 5468EF992A2FF175001C6FC5 /* FramesResponse.swift */; };
		546E01B52A16B8CC008C7B8F /* CheckAllInfoScreen.swift in Sources */ = {isa = PBXBuildFile; fileRef = 546E01B42A16B8CC008C7B8F /* CheckAllInfoScreen.swift */; };
		546F17EE2A202AB400554234 /* NetworkSpeedTest.swift in Sources */ = {isa = PBXBuildFile; fileRef = 546F17ED2A202AB400554234 /* NetworkSpeedTest.swift */; };
		546F17F42A203CCF00554234 /* SpinnerView.swift in Sources */ = {isa = PBXBuildFile; fileRef = 546F17F32A203CCF00554234 /* SpinnerView.swift */; };
		546F17F62A203D2000554234 /* ContentView.swift in Sources */ = {isa = PBXBuildFile; fileRef = 546F17F52A203D2000554234 /* ContentView.swift */; };
		549653592A2E183C003BD043 /* Media.swift in Sources */ = {isa = PBXBuildFile; fileRef = 549653582A2E183C003BD043 /* Media.swift */; };
		5496535B2A2E19EC003BD043 /* MediaResponse.swift in Sources */ = {isa = PBXBuildFile; fileRef = 5496535A2A2E19EC003BD043 /* MediaResponse.swift */; };
		5498253F2A3A36BD0065CF62 /* AddEventCard.swift in Sources */ = {isa = PBXBuildFile; fileRef = 5498253E2A3A36BD0065CF62 /* AddEventCard.swift */; };
		549A6C1A2A2EB911000C1182 /* LocalImage.swift in Sources */ = {isa = PBXBuildFile; fileRef = 549A6C192A2EB911000C1182 /* LocalImage.swift */; };
		549A6C1C2A2EBB5C000C1182 /* Services.swift in Sources */ = {isa = PBXBuildFile; fileRef = 549A6C1B2A2EBB5C000C1182 /* Services.swift */; };
		549A6C1E2A2EBD77000C1182 /* ForegroundUploadManager.swift in Sources */ = {isa = PBXBuildFile; fileRef = 549A6C1D2A2EBD76000C1182 /* ForegroundUploadManager.swift */; };
		549E60FB2A15834700C00231 /* EventDetailScreen.swift in Sources */ = {isa = PBXBuildFile; fileRef = 549E60FA2A15834700C00231 /* EventDetailScreen.swift */; };
		54ACC11A2A3A25DE0051C4C6 /* CameraManager.swift in Sources */ = {isa = PBXBuildFile; fileRef = 54ACC1192A3A25DE0051C4C6 /* CameraManager.swift */; };
		54B45D9E2A1517EF0066302E /* MainTabView.swift in Sources */ = {isa = PBXBuildFile; fileRef = 54B45D9D2A1517EF0066302E /* MainTabView.swift */; };
		54B45DA02A15180C0066302E /* EventsScreen.swift in Sources */ = {isa = PBXBuildFile; fileRef = 54B45D9F2A15180C0066302E /* EventsScreen.swift */; };
		54B45DA22A15181D0066302E /* FramesScreen.swift in Sources */ = {isa = PBXBuildFile; fileRef = 54B45DA12A15181D0066302E /* FramesScreen.swift */; };
		54B45DA42A15182E0066302E /* SettingsScreen.swift in Sources */ = {isa = PBXBuildFile; fileRef = 54B45DA32A15182E0066302E /* SettingsScreen.swift */; };
		54BDF9A82A33595000A5840F /* FrameSelectionViewModel.swift in Sources */ = {isa = PBXBuildFile; fileRef = 54BDF9A72A33595000A5840F /* FrameSelectionViewModel.swift */; };
		54C19DFD2A4A2B3400623619 /* PointPurchase.storekit in Resources */ = {isa = PBXBuildFile; fileRef = 542341722A49C68600DB8FD8 /* PointPurchase.storekit */; };
		54C43CEE2A30C4D700807EC0 /* MainViewModel.swift in Sources */ = {isa = PBXBuildFile; fileRef = 54C43CED2A30C4D700807EC0 /* MainViewModel.swift */; };
		54C43CF22A30D19800807EC0 /* Pods_Textatize.framework in Frameworks */ = {isa = PBXBuildFile; fileRef = D5164231DC6C683F367109CA /* Pods_Textatize.framework */; };
		54C43CF52A30D22600807EC0 /* FrameViewModel.swift in Sources */ = {isa = PBXBuildFile; fileRef = 5468EF9B2A300181001C6FC5 /* FrameViewModel.swift */; };
		54C43CF82A30D52000807EC0 /* EventDetailScreenViewModel.swift in Sources */ = {isa = PBXBuildFile; fileRef = 54C43CF72A30D52000807EC0 /* EventDetailScreenViewModel.swift */; };
		54C43CFC2A30D91B00807EC0 /* MediaView.swift in Sources */ = {isa = PBXBuildFile; fileRef = 54C43CFB2A30D91B00807EC0 /* MediaView.swift */; };
		54D5670C2A461BB1005E52E9 /* FileDownloader.swift in Sources */ = {isa = PBXBuildFile; fileRef = 54D5670B2A461BB1005E52E9 /* FileDownloader.swift */; };
		54DAC6542A448CD700199E21 /* CacheManager.swift in Sources */ = {isa = PBXBuildFile; fileRef = 54DAC6532A448CD700199E21 /* CacheManager.swift */; };
		54DAC6562A448E1900199E21 /* NotificationCenterNames.swift in Sources */ = {isa = PBXBuildFile; fileRef = 54DAC6552A448E1900199E21 /* NotificationCenterNames.swift */; };
/* End PBXBuildFile section */

/* Begin PBXContainerItemProxy section */
		54568EA22A127D92001F5CE7 /* PBXContainerItemProxy */ = {
			isa = PBXContainerItemProxy;
			containerPortal = 54568E892A127D89001F5CE7 /* Project object */;
			proxyType = 1;
			remoteGlobalIDString = 54568E902A127D89001F5CE7;
			remoteInfo = Textatize;
		};
		54568EAC2A127D92001F5CE7 /* PBXContainerItemProxy */ = {
			isa = PBXContainerItemProxy;
			containerPortal = 54568E892A127D89001F5CE7 /* Project object */;
			proxyType = 1;
			remoteGlobalIDString = 54568E902A127D89001F5CE7;
			remoteInfo = Textatize;
		};
/* End PBXContainerItemProxy section */

/* Begin PBXFileReference section */
		0DE4512F2A3A6C2F0040D3B4 /* Info.plist */ = {isa = PBXFileReference; lastKnownFileType = text.plist.xml; path = Info.plist; sourceTree = "<group>"; };
		5409777D2A1D42480079862F /* RegisterViewModel.swift */ = {isa = PBXFileReference; lastKnownFileType = sourcecode.swift; path = RegisterViewModel.swift; sourceTree = "<group>"; };
		540977802A1E41500079862F /* DataManager.swift */ = {isa = PBXFileReference; lastKnownFileType = sourcecode.swift; path = DataManager.swift; sourceTree = "<group>"; };
		540977832A1E44BD0079862F /* MainEventViewModel.swift */ = {isa = PBXFileReference; lastKnownFileType = sourcecode.swift; path = MainEventViewModel.swift; sourceTree = "<group>"; };
		540977852A1E522C0079862F /* EnumHelpers.swift */ = {isa = PBXFileReference; lastKnownFileType = sourcecode.swift; path = EnumHelpers.swift; sourceTree = "<group>"; };
		540977882A1E55310079862F /* CheckInfoViewModel.swift */ = {isa = PBXFileReference; lastKnownFileType = sourcecode.swift; path = CheckInfoViewModel.swift; sourceTree = "<group>"; };
		541997312A262A23001353BC /* ImageDetailView.swift */ = {isa = PBXFileReference; lastKnownFileType = sourcecode.swift; path = ImageDetailView.swift; sourceTree = "<group>"; };
		541AAF7F2A16AA9600C4BCA4 /* FrameScreen.swift */ = {isa = PBXFileReference; lastKnownFileType = sourcecode.swift; path = FrameScreen.swift; sourceTree = "<group>"; };
		5423416C2A49C3DC00DB8FD8 /* SettingsButton.swift */ = {isa = PBXFileReference; lastKnownFileType = sourcecode.swift; path = SettingsButton.swift; sourceTree = "<group>"; };
		5423416F2A49C43000DB8FD8 /* SettingsScreenViewModel.swift */ = {isa = PBXFileReference; lastKnownFileType = sourcecode.swift; path = SettingsScreenViewModel.swift; sourceTree = "<group>"; };
		542341722A49C68600DB8FD8 /* PointPurchase.storekit */ = {isa = PBXFileReference; lastKnownFileType = text; path = PointPurchase.storekit; sourceTree = "<group>"; };
		542D540A2A20030D0016BCB2 /* CustomBackButtom.swift */ = {isa = PBXFileReference; lastKnownFileType = sourcecode.swift; path = CustomBackButtom.swift; sourceTree = "<group>"; };
		542D540C2A2010B50016BCB2 /* EventResponse.swift */ = {isa = PBXFileReference; lastKnownFileType = sourcecode.swift; path = EventResponse.swift; sourceTree = "<group>"; };
		542D540E2A2020B80016BCB2 /* MediasResponse.swift */ = {isa = PBXFileReference; lastKnownFileType = sourcecode.swift; path = MediasResponse.swift; sourceTree = "<group>"; };
		54309C7B2A128A5B00C02B14 /* Colors.swift */ = {isa = PBXFileReference; lastKnownFileType = sourcecode.swift; path = Colors.swift; sourceTree = "<group>"; };
		54309C7D2A12DDB500C02B14 /* Images.swift */ = {isa = PBXFileReference; lastKnownFileType = sourcecode.swift; path = Images.swift; sourceTree = "<group>"; };
		54309C7F2A13013100C02B14 /* ForgotPasswordScreen.swift */ = {isa = PBXFileReference; lastKnownFileType = sourcecode.swift; path = ForgotPasswordScreen.swift; sourceTree = "<group>"; };
		54309C812A130D1F00C02B14 /* RecoveryScreen.swift */ = {isa = PBXFileReference; lastKnownFileType = sourcecode.swift; path = RecoveryScreen.swift; sourceTree = "<group>"; };
		54309C832A13256F00C02B14 /* NewPasswordScreen.swift */ = {isa = PBXFileReference; lastKnownFileType = sourcecode.swift; path = NewPasswordScreen.swift; sourceTree = "<group>"; };
		54309C852A13331100C02B14 /* CreateAccountScreen.swift */ = {isa = PBXFileReference; lastKnownFileType = sourcecode.swift; path = CreateAccountScreen.swift; sourceTree = "<group>"; };
		54309C872A13A77400C02B14 /* VerificationScreen.swift */ = {isa = PBXFileReference; lastKnownFileType = sourcecode.swift; path = VerificationScreen.swift; sourceTree = "<group>"; };
		54309C892A13A8D300C02B14 /* ThanksScreen.swift */ = {isa = PBXFileReference; lastKnownFileType = sourcecode.swift; path = ThanksScreen.swift; sourceTree = "<group>"; };
		54309C8C2A13AA9000C02B14 /* Modifiers.swift */ = {isa = PBXFileReference; lastKnownFileType = sourcecode.swift; path = Modifiers.swift; sourceTree = "<group>"; };
		54309C8F2A13C89700C02B14 /* CustomButton.swift */ = {isa = PBXFileReference; lastKnownFileType = sourcecode.swift; path = CustomButton.swift; sourceTree = "<group>"; };
		543263402A173D7600C96A1A /* AbstractServerObject.swift */ = {isa = PBXFileReference; lastKnownFileType = sourcecode.swift; path = AbstractServerObject.swift; sourceTree = "<group>"; };
		543263422A173FD000C96A1A /* User.swift */ = {isa = PBXFileReference; lastKnownFileType = sourcecode.swift; path = User.swift; sourceTree = "<group>"; };
		543263442A1749F700C96A1A /* TextatizeAPI.swift */ = {isa = PBXFileReference; lastKnownFileType = sourcecode.swift; path = TextatizeAPI.swift; sourceTree = "<group>"; };
		543263472A17521D00C96A1A /* UserResponse.swift */ = {isa = PBXFileReference; lastKnownFileType = sourcecode.swift; path = UserResponse.swift; sourceTree = "<group>"; };
		543263492A17525400C96A1A /* ServerResponse.swift */ = {isa = PBXFileReference; lastKnownFileType = sourcecode.swift; path = ServerResponse.swift; sourceTree = "<group>"; };
		5432634B2A17562D00C96A1A /* TextatizeLoginManager.swift */ = {isa = PBXFileReference; lastKnownFileType = sourcecode.swift; path = TextatizeLoginManager.swift; sourceTree = "<group>"; };
		5432634D2A17571900C96A1A /* Keychain.swift */ = {isa = PBXFileReference; lastKnownFileType = sourcecode.swift; path = Keychain.swift; sourceTree = "<group>"; };
		5432634F2A175A0100C96A1A /* ServerError.swift */ = {isa = PBXFileReference; lastKnownFileType = sourcecode.swift; path = ServerError.swift; sourceTree = "<group>"; };
		543263512A17603200C96A1A /* Event.swift */ = {isa = PBXFileReference; lastKnownFileType = sourcecode.swift; path = Event.swift; sourceTree = "<group>"; };
		543263532A1760E700C96A1A /* EventsResponse.swift */ = {isa = PBXFileReference; lastKnownFileType = sourcecode.swift; path = EventsResponse.swift; sourceTree = "<group>"; };
		543263582A17A85400C96A1A /* LoginViewModel.swift */ = {isa = PBXFileReference; lastKnownFileType = sourcecode.swift; path = LoginViewModel.swift; sourceTree = "<group>"; };
		54355EAC2A1662EC00E47732 /* AddCard.swift */ = {isa = PBXFileReference; lastKnownFileType = sourcecode.swift; path = AddCard.swift; sourceTree = "<group>"; };
		54355EAE2A1666C300E47732 /* FrameCard.swift */ = {isa = PBXFileReference; lastKnownFileType = sourcecode.swift; path = FrameCard.swift; sourceTree = "<group>"; };
		544BCB562A27F43C005E4068 /* CameraView.swift */ = {isa = PBXFileReference; lastKnownFileType = sourcecode.swift; path = CameraView.swift; sourceTree = "<group>"; };
		54511EBF2A152F75002590A7 /* EventCard.swift */ = {isa = PBXFileReference; lastKnownFileType = sourcecode.swift; path = EventCard.swift; sourceTree = "<group>"; };
		54511EC42A156A4D002590A7 /* EditEventScreen.swift */ = {isa = PBXFileReference; lastKnownFileType = sourcecode.swift; path = EditEventScreen.swift; sourceTree = "<group>"; };
		54568E912A127D89001F5CE7 /* Textatize.app */ = {isa = PBXFileReference; explicitFileType = wrapper.application; includeInIndex = 0; path = Textatize.app; sourceTree = BUILT_PRODUCTS_DIR; };
		54568E942A127D89001F5CE7 /* TextatizeApp.swift */ = {isa = PBXFileReference; lastKnownFileType = sourcecode.swift; path = TextatizeApp.swift; sourceTree = "<group>"; };
		54568E982A127D91001F5CE7 /* Assets.xcassets */ = {isa = PBXFileReference; lastKnownFileType = folder.assetcatalog; path = Assets.xcassets; sourceTree = "<group>"; };
		54568E9B2A127D91001F5CE7 /* Preview Assets.xcassets */ = {isa = PBXFileReference; lastKnownFileType = folder.assetcatalog; path = "Preview Assets.xcassets"; sourceTree = "<group>"; };
		54568EA12A127D92001F5CE7 /* TextatizeTests.xctest */ = {isa = PBXFileReference; explicitFileType = wrapper.cfbundle; includeInIndex = 0; path = TextatizeTests.xctest; sourceTree = BUILT_PRODUCTS_DIR; };
		54568EA52A127D92001F5CE7 /* TextatizeTests.swift */ = {isa = PBXFileReference; lastKnownFileType = sourcecode.swift; path = TextatizeTests.swift; sourceTree = "<group>"; };
		54568EAB2A127D92001F5CE7 /* TextatizeUITests.xctest */ = {isa = PBXFileReference; explicitFileType = wrapper.cfbundle; includeInIndex = 0; path = TextatizeUITests.xctest; sourceTree = BUILT_PRODUCTS_DIR; };
		54568EAF2A127D92001F5CE7 /* TextatizeUITests.swift */ = {isa = PBXFileReference; lastKnownFileType = sourcecode.swift; path = TextatizeUITests.swift; sourceTree = "<group>"; };
		54568EB12A127D92001F5CE7 /* TextatizeUITestsLaunchTests.swift */ = {isa = PBXFileReference; lastKnownFileType = sourcecode.swift; path = TextatizeUITestsLaunchTests.swift; sourceTree = "<group>"; };
		54568EC02A1283F5001F5CE7 /* LoginScreen.swift */ = {isa = PBXFileReference; lastKnownFileType = sourcecode.swift; path = LoginScreen.swift; sourceTree = "<group>"; };
		54568EC32A128496001F5CE7 /* Texts.swift */ = {isa = PBXFileReference; lastKnownFileType = sourcecode.swift; path = Texts.swift; sourceTree = "<group>"; };
		5459E5AB2A1656580008930B /* ChangePasswordScreen.swift */ = {isa = PBXFileReference; lastKnownFileType = sourcecode.swift; path = ChangePasswordScreen.swift; sourceTree = "<group>"; };
		545A82D82A2F6F2B003E677A /* PaginatedResponse.swift */ = {isa = PBXFileReference; lastKnownFileType = sourcecode.swift; path = PaginatedResponse.swift; sourceTree = "<group>"; };
		54603F232A3B9A340018741B /* ImagePicker.swift */ = {isa = PBXFileReference; lastKnownFileType = sourcecode.swift; path = ImagePicker.swift; sourceTree = "<group>"; };
		5460D3482A167D7300D7265C /* FrameEditingScreen.swift */ = {isa = PBXFileReference; lastKnownFileType = sourcecode.swift; path = FrameEditingScreen.swift; sourceTree = "<group>"; };
		5462C02E2A3662A6008E0AD9 /* CameraPreview.swift */ = {isa = PBXFileReference; lastKnownFileType = sourcecode.swift; path = CameraPreview.swift; sourceTree = "<group>"; };
		5468EF952A2FE8A4001C6FC5 /* Frame.swift */ = {isa = PBXFileReference; lastKnownFileType = sourcecode.swift; path = Frame.swift; sourceTree = "<group>"; };
		5468EF972A2FF12A001C6FC5 /* FrameResponse.swift */ = {isa = PBXFileReference; lastKnownFileType = sourcecode.swift; path = FrameResponse.swift; sourceTree = "<group>"; };
		5468EF992A2FF175001C6FC5 /* FramesResponse.swift */ = {isa = PBXFileReference; lastKnownFileType = sourcecode.swift; path = FramesResponse.swift; sourceTree = "<group>"; };
		5468EF9B2A300181001C6FC5 /* FrameViewModel.swift */ = {isa = PBXFileReference; lastKnownFileType = sourcecode.swift; path = FrameViewModel.swift; sourceTree = "<group>"; };
		546E01B42A16B8CC008C7B8F /* CheckAllInfoScreen.swift */ = {isa = PBXFileReference; lastKnownFileType = sourcecode.swift; path = CheckAllInfoScreen.swift; sourceTree = "<group>"; };
		546F17ED2A202AB400554234 /* NetworkSpeedTest.swift */ = {isa = PBXFileReference; lastKnownFileType = sourcecode.swift; path = NetworkSpeedTest.swift; sourceTree = "<group>"; };
		546F17F32A203CCF00554234 /* SpinnerView.swift */ = {isa = PBXFileReference; lastKnownFileType = sourcecode.swift; path = SpinnerView.swift; sourceTree = "<group>"; };
		546F17F52A203D2000554234 /* ContentView.swift */ = {isa = PBXFileReference; lastKnownFileType = sourcecode.swift; path = ContentView.swift; sourceTree = "<group>"; };
		549653582A2E183C003BD043 /* Media.swift */ = {isa = PBXFileReference; lastKnownFileType = sourcecode.swift; path = Media.swift; sourceTree = "<group>"; };
		5496535A2A2E19EC003BD043 /* MediaResponse.swift */ = {isa = PBXFileReference; lastKnownFileType = sourcecode.swift; path = MediaResponse.swift; sourceTree = "<group>"; };
		5498253E2A3A36BD0065CF62 /* AddEventCard.swift */ = {isa = PBXFileReference; lastKnownFileType = sourcecode.swift; path = AddEventCard.swift; sourceTree = "<group>"; };
		549A6C192A2EB911000C1182 /* LocalImage.swift */ = {isa = PBXFileReference; lastKnownFileType = sourcecode.swift; path = LocalImage.swift; sourceTree = "<group>"; };
		549A6C1B2A2EBB5C000C1182 /* Services.swift */ = {isa = PBXFileReference; lastKnownFileType = sourcecode.swift; path = Services.swift; sourceTree = "<group>"; };
		549A6C1D2A2EBD76000C1182 /* ForegroundUploadManager.swift */ = {isa = PBXFileReference; lastKnownFileType = sourcecode.swift; path = ForegroundUploadManager.swift; sourceTree = "<group>"; };
		549E60FA2A15834700C00231 /* EventDetailScreen.swift */ = {isa = PBXFileReference; lastKnownFileType = sourcecode.swift; path = EventDetailScreen.swift; sourceTree = "<group>"; };
		54ACC1192A3A25DE0051C4C6 /* CameraManager.swift */ = {isa = PBXFileReference; lastKnownFileType = sourcecode.swift; path = CameraManager.swift; sourceTree = "<group>"; };
		54B45D9D2A1517EF0066302E /* MainTabView.swift */ = {isa = PBXFileReference; lastKnownFileType = sourcecode.swift; path = MainTabView.swift; sourceTree = "<group>"; };
		54B45D9F2A15180C0066302E /* EventsScreen.swift */ = {isa = PBXFileReference; lastKnownFileType = sourcecode.swift; path = EventsScreen.swift; sourceTree = "<group>"; };
		54B45DA12A15181D0066302E /* FramesScreen.swift */ = {isa = PBXFileReference; lastKnownFileType = sourcecode.swift; path = FramesScreen.swift; sourceTree = "<group>"; };
		54B45DA32A15182E0066302E /* SettingsScreen.swift */ = {isa = PBXFileReference; lastKnownFileType = sourcecode.swift; path = SettingsScreen.swift; sourceTree = "<group>"; };
		54BDF9A72A33595000A5840F /* FrameSelectionViewModel.swift */ = {isa = PBXFileReference; lastKnownFileType = sourcecode.swift; path = FrameSelectionViewModel.swift; sourceTree = "<group>"; };
		54C43CED2A30C4D700807EC0 /* MainViewModel.swift */ = {isa = PBXFileReference; lastKnownFileType = sourcecode.swift; path = MainViewModel.swift; sourceTree = "<group>"; };
		54C43CF72A30D52000807EC0 /* EventDetailScreenViewModel.swift */ = {isa = PBXFileReference; lastKnownFileType = sourcecode.swift; path = EventDetailScreenViewModel.swift; sourceTree = "<group>"; };
		54C43CFB2A30D91B00807EC0 /* MediaView.swift */ = {isa = PBXFileReference; lastKnownFileType = sourcecode.swift; path = MediaView.swift; sourceTree = "<group>"; };
		54D5670B2A461BB1005E52E9 /* FileDownloader.swift */ = {isa = PBXFileReference; lastKnownFileType = sourcecode.swift; name = FileDownloader.swift; path = Data/FileDownloader.swift; sourceTree = "<group>"; };
		54DAC6532A448CD700199E21 /* CacheManager.swift */ = {isa = PBXFileReference; lastKnownFileType = sourcecode.swift; path = CacheManager.swift; sourceTree = "<group>"; };
		54DAC6552A448E1900199E21 /* NotificationCenterNames.swift */ = {isa = PBXFileReference; lastKnownFileType = sourcecode.swift; path = NotificationCenterNames.swift; sourceTree = "<group>"; };
		9175FEBC3E09916890F6FB7D /* Pods-Textatize.release.xcconfig */ = {isa = PBXFileReference; includeInIndex = 1; lastKnownFileType = text.xcconfig; name = "Pods-Textatize.release.xcconfig"; path = "Target Support Files/Pods-Textatize/Pods-Textatize.release.xcconfig"; sourceTree = "<group>"; };
		D5164231DC6C683F367109CA /* Pods_Textatize.framework */ = {isa = PBXFileReference; explicitFileType = wrapper.framework; includeInIndex = 0; path = Pods_Textatize.framework; sourceTree = BUILT_PRODUCTS_DIR; };
		D884862685EE411F62FBBC9D /* EntityInfo-Textatize.generated.swift */ = {isa = PBXFileReference; includeInIndex = 1; lastKnownFileType = sourcecode.swift; path = "EntityInfo-Textatize.generated.swift"; sourceTree = "<group>"; };
		FD8F18B77DBF40E8887B0709 /* Pods-Textatize.debug.xcconfig */ = {isa = PBXFileReference; includeInIndex = 1; lastKnownFileType = text.xcconfig; name = "Pods-Textatize.debug.xcconfig"; path = "Target Support Files/Pods-Textatize/Pods-Textatize.debug.xcconfig"; sourceTree = "<group>"; };
/* End PBXFileReference section */

/* Begin PBXFrameworksBuildPhase section */
		54568E8E2A127D89001F5CE7 /* Frameworks */ = {
			isa = PBXFrameworksBuildPhase;
			buildActionMask = 2147483647;
			files = (
				54C43CF22A30D19800807EC0 /* Pods_Textatize.framework in Frameworks */,
			);
			runOnlyForDeploymentPostprocessing = 0;
		};
		54568E9E2A127D92001F5CE7 /* Frameworks */ = {
			isa = PBXFrameworksBuildPhase;
			buildActionMask = 2147483647;
			files = (
			);
			runOnlyForDeploymentPostprocessing = 0;
		};
		54568EA82A127D92001F5CE7 /* Frameworks */ = {
			isa = PBXFrameworksBuildPhase;
			buildActionMask = 2147483647;
			files = (
			);
			runOnlyForDeploymentPostprocessing = 0;
		};
/* End PBXFrameworksBuildPhase section */

/* Begin PBXGroup section */
		3E03C7E602C466850548C10C /* generated */ = {
			isa = PBXGroup;
			children = (
				D884862685EE411F62FBBC9D /* EntityInfo-Textatize.generated.swift */,
			);
			path = generated;
			sourceTree = "<group>";
		};
		5409777C2A1D42190079862F /* Register */ = {
			isa = PBXGroup;
			children = (
				5409777D2A1D42480079862F /* RegisterViewModel.swift */,
				54309C852A13331100C02B14 /* CreateAccountScreen.swift */,
			);
			path = Register;
			sourceTree = "<group>";
		};
		5409777F2A1E41400079862F /* Manager */ = {
			isa = PBXGroup;
			children = (
				540977802A1E41500079862F /* DataManager.swift */,
			);
			path = Manager;
			sourceTree = "<group>";
		};
		540977822A1E44A10079862F /* MainEventScreen */ = {
			isa = PBXGroup;
			children = (
				540977832A1E44BD0079862F /* MainEventViewModel.swift */,
				54B45D9F2A15180C0066302E /* EventsScreen.swift */,
			);
			path = MainEventScreen;
			sourceTree = "<group>";
		};
		540977872A1E55070079862F /* CheckAllInfo */ = {
			isa = PBXGroup;
			children = (
				540977882A1E55310079862F /* CheckInfoViewModel.swift */,
				546E01B42A16B8CC008C7B8F /* CheckAllInfoScreen.swift */,
			);
			path = CheckAllInfo;
			sourceTree = "<group>";
		};
		5423416E2A49C41300DB8FD8 /* SettingsScreen */ = {
			isa = PBXGroup;
			children = (
				5423416F2A49C43000DB8FD8 /* SettingsScreenViewModel.swift */,
				54B45DA32A15182E0066302E /* SettingsScreen.swift */,
			);
			path = SettingsScreen;
			sourceTree = "<group>";
		};
		54309C8B2A13AA6800C02B14 /* Style */ = {
			isa = PBXGroup;
			children = (
				54309C8C2A13AA9000C02B14 /* Modifiers.swift */,
			);
			path = Style;
			sourceTree = "<group>";
		};
		54309C8E2A13C87A00C02B14 /* Components */ = {
			isa = PBXGroup;
			children = (
				54355EAB2A1662CA00E47732 /* Cards */,
				54309C8F2A13C89700C02B14 /* CustomButton.swift */,
				542D540A2A20030D0016BCB2 /* CustomBackButtom.swift */,
				546F17F32A203CCF00554234 /* SpinnerView.swift */,
				541997312A262A23001353BC /* ImageDetailView.swift */,
				54C43CFB2A30D91B00807EC0 /* MediaView.swift */,
				5423416C2A49C3DC00DB8FD8 /* SettingsButton.swift */,
			);
			path = Components;
			sourceTree = "<group>";
		};
		5432633E2A1739E700C96A1A /* API */ = {
			isa = PBXGroup;
			children = (
				54D5670B2A461BB1005E52E9 /* FileDownloader.swift */,
				5432633F2A173D5F00C96A1A /* Data */,
				543263462A17520600C96A1A /* Response */,
				5432634D2A17571900C96A1A /* Keychain.swift */,
				543263442A1749F700C96A1A /* TextatizeAPI.swift */,
				5432634B2A17562D00C96A1A /* TextatizeLoginManager.swift */,
				5432634F2A175A0100C96A1A /* ServerError.swift */,
				546F17ED2A202AB400554234 /* NetworkSpeedTest.swift */,
				549A6C1D2A2EBD76000C1182 /* ForegroundUploadManager.swift */,
				54DAC6532A448CD700199E21 /* CacheManager.swift */,
			);
			path = API;
			sourceTree = "<group>";
		};
		5432633F2A173D5F00C96A1A /* Data */ = {
			isa = PBXGroup;
			children = (
				543263402A173D7600C96A1A /* AbstractServerObject.swift */,
				543263422A173FD000C96A1A /* User.swift */,
				543263512A17603200C96A1A /* Event.swift */,
				549653582A2E183C003BD043 /* Media.swift */,
				5468EF952A2FE8A4001C6FC5 /* Frame.swift */,
			);
			path = Data;
			sourceTree = "<group>";
		};
		543263462A17520600C96A1A /* Response */ = {
			isa = PBXGroup;
			children = (
				543263492A17525400C96A1A /* ServerResponse.swift */,
				545A82D82A2F6F2B003E677A /* PaginatedResponse.swift */,
				543263472A17521D00C96A1A /* UserResponse.swift */,
				542D540C2A2010B50016BCB2 /* EventResponse.swift */,
				5496535A2A2E19EC003BD043 /* MediaResponse.swift */,
				5468EF972A2FF12A001C6FC5 /* FrameResponse.swift */,
				543263532A1760E700C96A1A /* EventsResponse.swift */,
				542D540E2A2020B80016BCB2 /* MediasResponse.swift */,
				5468EF992A2FF175001C6FC5 /* FramesResponse.swift */,
			);
			path = Response;
			sourceTree = "<group>";
		};
		543263572A17A83900C96A1A /* Login */ = {
			isa = PBXGroup;
			children = (
				543263582A17A85400C96A1A /* LoginViewModel.swift */,
				54568EC02A1283F5001F5CE7 /* LoginScreen.swift */,
			);
			path = Login;
			sourceTree = "<group>";
		};
		54355EAB2A1662CA00E47732 /* Cards */ = {
			isa = PBXGroup;
			children = (
				54355EAC2A1662EC00E47732 /* AddCard.swift */,
				54355EAE2A1666C300E47732 /* FrameCard.swift */,
				54511EBF2A152F75002590A7 /* EventCard.swift */,
				5498253E2A3A36BD0065CF62 /* AddEventCard.swift */,
			);
			path = Cards;
			sourceTree = "<group>";
		};
		544BCB552A27F3F9005E4068 /* Camera */ = {
			isa = PBXGroup;
			children = (
				54ACC1192A3A25DE0051C4C6 /* CameraManager.swift */,
				544BCB562A27F43C005E4068 /* CameraView.swift */,
				5462C02E2A3662A6008E0AD9 /* CameraPreview.swift */,
				54603F232A3B9A340018741B /* ImagePicker.swift */,
			);
			path = Camera;
			sourceTree = "<group>";
		};
		54511EC12A156A0A002590A7 /* Events */ = {
			isa = PBXGroup;
			children = (
				540977822A1E44A10079862F /* MainEventScreen */,
				54BEF5612A39E81200CECD01 /* EditEventScreen */,
				54C43CF62A30D51000807EC0 /* EventDetailScreen */,
				54C43CEF2A30CC1700807EC0 /* FrameScreen */,
				540977872A1E55070079862F /* CheckAllInfo */,
			);
			path = Events;
			sourceTree = "<group>";
		};
		54511EC22A156A0F002590A7 /* Templates */ = {
			isa = PBXGroup;
			children = (
				5468EF9B2A300181001C6FC5 /* FrameViewModel.swift */,
				54B45DA12A15181D0066302E /* FramesScreen.swift */,
				5460D3482A167D7300D7265C /* FrameEditingScreen.swift */,
			);
			path = Templates;
			sourceTree = "<group>";
		};
		54511EC32A156A14002590A7 /* Settings */ = {
			isa = PBXGroup;
			children = (
				5423416E2A49C41300DB8FD8 /* SettingsScreen */,
				5459E5AB2A1656580008930B /* ChangePasswordScreen.swift */,
			);
			path = Settings;
			sourceTree = "<group>";
		};
		54568E882A127D89001F5CE7 = {
			isa = PBXGroup;
			children = (
				542341722A49C68600DB8FD8 /* PointPurchase.storekit */,
				54568E932A127D89001F5CE7 /* Textatize */,
				54568EA42A127D92001F5CE7 /* TextatizeTests */,
				54568EAE2A127D92001F5CE7 /* TextatizeUITests */,
				3E03C7E602C466850548C10C /* generated */,
				54568E922A127D89001F5CE7 /* Products */,
				624912981E120F406D048AB1 /* Pods */,
				DD75431DA3E7486EBA5DE51C /* Frameworks */,
			);
			sourceTree = "<group>";
		};
		54568E922A127D89001F5CE7 /* Products */ = {
			isa = PBXGroup;
			children = (
				54568E912A127D89001F5CE7 /* Textatize.app */,
				54568EA12A127D92001F5CE7 /* TextatizeTests.xctest */,
				54568EAB2A127D92001F5CE7 /* TextatizeUITests.xctest */,
			);
			name = Products;
			sourceTree = "<group>";
		};
		54568E932A127D89001F5CE7 /* Textatize */ = {
			isa = PBXGroup;
			children = (
				0DE4512F2A3A6C2F0040D3B4 /* Info.plist */,
				54568E942A127D89001F5CE7 /* TextatizeApp.swift */,
				546F17F52A203D2000554234 /* ContentView.swift */,
				549A6C182A2EB8F3000C1182 /* Persistence */,
				5432633E2A1739E700C96A1A /* API */,
				54309C8E2A13C87A00C02B14 /* Components */,
				54568EC22A128439001F5CE7 /* Resources */,
				5409777F2A1E41400079862F /* Manager */,
				54B45D9B2A144F010066302E /* Screens */,
				54309C8B2A13AA6800C02B14 /* Style */,
				54568E982A127D91001F5CE7 /* Assets.xcassets */,
				54568E9A2A127D91001F5CE7 /* Preview Content */,
			);
			path = Textatize;
			sourceTree = "<group>";
		};
		54568E9A2A127D91001F5CE7 /* Preview Content */ = {
			isa = PBXGroup;
			children = (
				54568E9B2A127D91001F5CE7 /* Preview Assets.xcassets */,
			);
			path = "Preview Content";
			sourceTree = "<group>";
		};
		54568EA42A127D92001F5CE7 /* TextatizeTests */ = {
			isa = PBXGroup;
			children = (
				54568EA52A127D92001F5CE7 /* TextatizeTests.swift */,
			);
			path = TextatizeTests;
			sourceTree = "<group>";
		};
		54568EAE2A127D92001F5CE7 /* TextatizeUITests */ = {
			isa = PBXGroup;
			children = (
				54568EAF2A127D92001F5CE7 /* TextatizeUITests.swift */,
				54568EB12A127D92001F5CE7 /* TextatizeUITestsLaunchTests.swift */,
			);
			path = TextatizeUITests;
			sourceTree = "<group>";
		};
		54568EBF2A1283D7001F5CE7 /* Onboarding */ = {
			isa = PBXGroup;
			children = (
				543263572A17A83900C96A1A /* Login */,
				5409777C2A1D42190079862F /* Register */,
				54309C7F2A13013100C02B14 /* ForgotPasswordScreen.swift */,
				54309C812A130D1F00C02B14 /* RecoveryScreen.swift */,
				54309C832A13256F00C02B14 /* NewPasswordScreen.swift */,
				54309C872A13A77400C02B14 /* VerificationScreen.swift */,
				54309C892A13A8D300C02B14 /* ThanksScreen.swift */,
			);
			path = Onboarding;
			sourceTree = "<group>";
		};
		54568EC22A128439001F5CE7 /* Resources */ = {
			isa = PBXGroup;
			children = (
				54309C7B2A128A5B00C02B14 /* Colors.swift */,
				54568EC32A128496001F5CE7 /* Texts.swift */,
				54309C7D2A12DDB500C02B14 /* Images.swift */,
				540977852A1E522C0079862F /* EnumHelpers.swift */,
				54DAC6552A448E1900199E21 /* NotificationCenterNames.swift */,
			);
			path = Resources;
			sourceTree = "<group>";
		};
		549A6C182A2EB8F3000C1182 /* Persistence */ = {
			isa = PBXGroup;
			children = (
				549A6C192A2EB911000C1182 /* LocalImage.swift */,
				549A6C1B2A2EBB5C000C1182 /* Services.swift */,
			);
			path = Persistence;
			sourceTree = "<group>";
		};
		54B45D9B2A144F010066302E /* Screens */ = {
			isa = PBXGroup;
			children = (
				544BCB552A27F3F9005E4068 /* Camera */,
				54568EBF2A1283D7001F5CE7 /* Onboarding */,
				54B45D9C2A1517D20066302E /* Main */,
			);
			path = Screens;
			sourceTree = "<group>";
		};
		54B45D9C2A1517D20066302E /* Main */ = {
			isa = PBXGroup;
			children = (
				54C43CED2A30C4D700807EC0 /* MainViewModel.swift */,
				54B45D9D2A1517EF0066302E /* MainTabView.swift */,
				54B45DA52A1518320066302E /* TabSections */,
			);
			path = Main;
			sourceTree = "<group>";
		};
		54B45DA52A1518320066302E /* TabSections */ = {
			isa = PBXGroup;
			children = (
				54511EC12A156A0A002590A7 /* Events */,
				54511EC22A156A0F002590A7 /* Templates */,
				54511EC32A156A14002590A7 /* Settings */,
			);
			path = TabSections;
			sourceTree = "<group>";
		};
		54BEF5612A39E81200CECD01 /* EditEventScreen */ = {
			isa = PBXGroup;
			children = (
				54511EC42A156A4D002590A7 /* EditEventScreen.swift */,
			);
			path = EditEventScreen;
			sourceTree = "<group>";
		};
		54C43CEF2A30CC1700807EC0 /* FrameScreen */ = {
			isa = PBXGroup;
			children = (
				54BDF9A72A33595000A5840F /* FrameSelectionViewModel.swift */,
				541AAF7F2A16AA9600C4BCA4 /* FrameScreen.swift */,
			);
			path = FrameScreen;
			sourceTree = "<group>";
		};
		54C43CF62A30D51000807EC0 /* EventDetailScreen */ = {
			isa = PBXGroup;
			children = (
				54C43CF72A30D52000807EC0 /* EventDetailScreenViewModel.swift */,
				549E60FA2A15834700C00231 /* EventDetailScreen.swift */,
			);
			path = EventDetailScreen;
			sourceTree = "<group>";
		};
		624912981E120F406D048AB1 /* Pods */ = {
			isa = PBXGroup;
			children = (
				FD8F18B77DBF40E8887B0709 /* Pods-Textatize.debug.xcconfig */,
				9175FEBC3E09916890F6FB7D /* Pods-Textatize.release.xcconfig */,
			);
			path = Pods;
			sourceTree = "<group>";
		};
		DD75431DA3E7486EBA5DE51C /* Frameworks */ = {
			isa = PBXGroup;
			children = (
				D5164231DC6C683F367109CA /* Pods_Textatize.framework */,
			);
			name = Frameworks;
			sourceTree = "<group>";
		};
/* End PBXGroup section */

/* Begin PBXNativeTarget section */
		54568E902A127D89001F5CE7 /* Textatize */ = {
			isa = PBXNativeTarget;
			buildConfigurationList = 54568EB52A127D92001F5CE7 /* Build configuration list for PBXNativeTarget "Textatize" */;
			buildPhases = (
				36C5ACC68A9FF568BA26812E /* [CP] Check Pods Manifest.lock */,
				31ECCD5FD36D7CA9EED4D291 /* [OBX] Update Sourcery Generated Files */,
				54568E8D2A127D89001F5CE7 /* Sources */,
				54568E8E2A127D89001F5CE7 /* Frameworks */,
				54568E8F2A127D89001F5CE7 /* Resources */,
				EE29F501BC1B3D7D34FAADFF /* [CP] Embed Pods Frameworks */,
			);
			buildRules = (
			);
			dependencies = (
			);
			name = Textatize;
			productName = Textatize;
			productReference = 54568E912A127D89001F5CE7 /* Textatize.app */;
			productType = "com.apple.product-type.application";
		};
		54568EA02A127D92001F5CE7 /* TextatizeTests */ = {
			isa = PBXNativeTarget;
			buildConfigurationList = 54568EB82A127D92001F5CE7 /* Build configuration list for PBXNativeTarget "TextatizeTests" */;
			buildPhases = (
				54568E9D2A127D92001F5CE7 /* Sources */,
				54568E9E2A127D92001F5CE7 /* Frameworks */,
				54568E9F2A127D92001F5CE7 /* Resources */,
			);
			buildRules = (
			);
			dependencies = (
				54568EA32A127D92001F5CE7 /* PBXTargetDependency */,
			);
			name = TextatizeTests;
			productName = TextatizeTests;
			productReference = 54568EA12A127D92001F5CE7 /* TextatizeTests.xctest */;
			productType = "com.apple.product-type.bundle.unit-test";
		};
		54568EAA2A127D92001F5CE7 /* TextatizeUITests */ = {
			isa = PBXNativeTarget;
			buildConfigurationList = 54568EBB2A127D92001F5CE7 /* Build configuration list for PBXNativeTarget "TextatizeUITests" */;
			buildPhases = (
				54568EA72A127D92001F5CE7 /* Sources */,
				54568EA82A127D92001F5CE7 /* Frameworks */,
				54568EA92A127D92001F5CE7 /* Resources */,
			);
			buildRules = (
			);
			dependencies = (
				54568EAD2A127D92001F5CE7 /* PBXTargetDependency */,
			);
			name = TextatizeUITests;
			productName = TextatizeUITests;
			productReference = 54568EAB2A127D92001F5CE7 /* TextatizeUITests.xctest */;
			productType = "com.apple.product-type.bundle.ui-testing";
		};
/* End PBXNativeTarget section */

/* Begin PBXProject section */
		54568E892A127D89001F5CE7 /* Project object */ = {
			isa = PBXProject;
			attributes = {
				BuildIndependentTargetsInParallel = 1;
				LastSwiftUpdateCheck = 1430;
				LastUpgradeCheck = 1430;
				TargetAttributes = {
					54568E902A127D89001F5CE7 = {
						CreatedOnToolsVersion = 14.3;
					};
					54568EA02A127D92001F5CE7 = {
						CreatedOnToolsVersion = 14.3;
						TestTargetID = 54568E902A127D89001F5CE7;
					};
					54568EAA2A127D92001F5CE7 = {
						CreatedOnToolsVersion = 14.3;
						TestTargetID = 54568E902A127D89001F5CE7;
					};
				};
			};
			buildConfigurationList = 54568E8C2A127D89001F5CE7 /* Build configuration list for PBXProject "Textatize" */;
			compatibilityVersion = "Xcode 14.0";
			developmentRegion = en;
			hasScannedForEncodings = 0;
			knownRegions = (
				en,
				Base,
			);
			mainGroup = 54568E882A127D89001F5CE7;
			productRefGroup = 54568E922A127D89001F5CE7 /* Products */;
			projectDirPath = "";
			projectRoot = "";
			targets = (
				54568E902A127D89001F5CE7 /* Textatize */,
				54568EA02A127D92001F5CE7 /* TextatizeTests */,
				54568EAA2A127D92001F5CE7 /* TextatizeUITests */,
			);
		};
/* End PBXProject section */

/* Begin PBXResourcesBuildPhase section */
		54568E8F2A127D89001F5CE7 /* Resources */ = {
			isa = PBXResourcesBuildPhase;
			buildActionMask = 2147483647;
			files = (
				54C19DFD2A4A2B3400623619 /* PointPurchase.storekit in Resources */,
				54568E992A127D91001F5CE7 /* Assets.xcassets in Resources */,
			);
			runOnlyForDeploymentPostprocessing = 0;
		};
		54568E9F2A127D92001F5CE7 /* Resources */ = {
			isa = PBXResourcesBuildPhase;
			buildActionMask = 2147483647;
			files = (
			);
			runOnlyForDeploymentPostprocessing = 0;
		};
		54568EA92A127D92001F5CE7 /* Resources */ = {
			isa = PBXResourcesBuildPhase;
			buildActionMask = 2147483647;
			files = (
			);
			runOnlyForDeploymentPostprocessing = 0;
		};
/* End PBXResourcesBuildPhase section */

/* Begin PBXShellScriptBuildPhase section */
		31ECCD5FD36D7CA9EED4D291 /* [OBX] Update Sourcery Generated Files */ = {
			isa = PBXShellScriptBuildPhase;
			buildActionMask = 2147483647;
			files = (
			);
			inputFileListPaths = (
			);
			inputPaths = (
			);
			name = "[OBX] Update Sourcery Generated Files";
			outputFileListPaths = (
			);
			outputPaths = (
			);
			runOnlyForDeploymentPostprocessing = 0;
			shellPath = /bin/sh;
			shellScript = "\"$PODS_ROOT/ObjectBox/generate_sources.sh\" -- --output \"$PROJECT_DIR/generated/EntityInfo-Textatize.generated.swift\" --model-json \"$PROJECT_DIR/model-Textatize.json\"";
		};
		36C5ACC68A9FF568BA26812E /* [CP] Check Pods Manifest.lock */ = {
			isa = PBXShellScriptBuildPhase;
			buildActionMask = 2147483647;
			files = (
			);
			inputFileListPaths = (
			);
			inputPaths = (
				"${PODS_PODFILE_DIR_PATH}/Podfile.lock",
				"${PODS_ROOT}/Manifest.lock",
			);
			name = "[CP] Check Pods Manifest.lock";
			outputFileListPaths = (
			);
			outputPaths = (
				"$(DERIVED_FILE_DIR)/Pods-Textatize-checkManifestLockResult.txt",
			);
			runOnlyForDeploymentPostprocessing = 0;
			shellPath = /bin/sh;
			shellScript = "diff \"${PODS_PODFILE_DIR_PATH}/Podfile.lock\" \"${PODS_ROOT}/Manifest.lock\" > /dev/null\nif [ $? != 0 ] ; then\n    # print error to STDERR\n    echo \"error: The sandbox is not in sync with the Podfile.lock. Run 'pod install' or update your CocoaPods installation.\" >&2\n    exit 1\nfi\n# This output is used by Xcode 'outputs' to avoid re-running this script phase.\necho \"SUCCESS\" > \"${SCRIPT_OUTPUT_FILE_0}\"\n";
			showEnvVarsInLog = 0;
		};
		EE29F501BC1B3D7D34FAADFF /* [CP] Embed Pods Frameworks */ = {
			isa = PBXShellScriptBuildPhase;
			buildActionMask = 2147483647;
			files = (
			);
			inputFileListPaths = (
				"${PODS_ROOT}/Target Support Files/Pods-Textatize/Pods-Textatize-frameworks-${CONFIGURATION}-input-files.xcfilelist",
			);
			name = "[CP] Embed Pods Frameworks";
			outputFileListPaths = (
				"${PODS_ROOT}/Target Support Files/Pods-Textatize/Pods-Textatize-frameworks-${CONFIGURATION}-output-files.xcfilelist",
			);
			runOnlyForDeploymentPostprocessing = 0;
			shellPath = /bin/sh;
			shellScript = "\"${PODS_ROOT}/Target Support Files/Pods-Textatize/Pods-Textatize-frameworks.sh\"\n";
			showEnvVarsInLog = 0;
		};
/* End PBXShellScriptBuildPhase section */

/* Begin PBXSourcesBuildPhase section */
		54568E8D2A127D89001F5CE7 /* Sources */ = {
			isa = PBXSourcesBuildPhase;
			buildActionMask = 2147483647;
			files = (
				549A6C1E2A2EBD77000C1182 /* ForegroundUploadManager.swift in Sources */,
				5460D3492A167D7300D7265C /* FrameEditingScreen.swift in Sources */,
				540977812A1E41500079862F /* DataManager.swift in Sources */,
				5432634C2A17562D00C96A1A /* TextatizeLoginManager.swift in Sources */,
				54309C902A13C89800C02B14 /* CustomButton.swift in Sources */,
				54309C802A13013100C02B14 /* ForgotPasswordScreen.swift in Sources */,
				54309C882A13A77400C02B14 /* VerificationScreen.swift in Sources */,
				54BDF9A82A33595000A5840F /* FrameSelectionViewModel.swift in Sources */,
				54309C842A13256F00C02B14 /* NewPasswordScreen.swift in Sources */,
				54B45DA02A15180C0066302E /* EventsScreen.swift in Sources */,
				540977842A1E44BD0079862F /* MainEventViewModel.swift in Sources */,
				545A82D92A2F6F2B003E677A /* PaginatedResponse.swift in Sources */,
				546F17F62A203D2000554234 /* ContentView.swift in Sources */,
				549653592A2E183C003BD043 /* Media.swift in Sources */,
				54309C7E2A12DDB500C02B14 /* Images.swift in Sources */,
				54309C8D2A13AA9000C02B14 /* Modifiers.swift in Sources */,
				544BCB572A27F43C005E4068 /* CameraView.swift in Sources */,
				54603F242A3B9A340018741B /* ImagePicker.swift in Sources */,
				5468EF982A2FF12A001C6FC5 /* FrameResponse.swift in Sources */,
				543263432A173FD000C96A1A /* User.swift in Sources */,
				546E01B52A16B8CC008C7B8F /* CheckAllInfoScreen.swift in Sources */,
				549E60FB2A15834700C00231 /* EventDetailScreen.swift in Sources */,
				5459E5AC2A1656580008930B /* ChangePasswordScreen.swift in Sources */,
				5496535B2A2E19EC003BD043 /* MediaResponse.swift in Sources */,
				543263412A173D7600C96A1A /* AbstractServerObject.swift in Sources */,
				54309C7C2A128A5B00C02B14 /* Colors.swift in Sources */,
				54355EAD2A1662EC00E47732 /* AddCard.swift in Sources */,
				54355EAF2A1666C300E47732 /* FrameCard.swift in Sources */,
				541997322A262A23001353BC /* ImageDetailView.swift in Sources */,
				5432634E2A17571900C96A1A /* Keychain.swift in Sources */,
				54511EC52A156A4D002590A7 /* EditEventScreen.swift in Sources */,
				54309C8A2A13A8D300C02B14 /* ThanksScreen.swift in Sources */,
				546F17F42A203CCF00554234 /* SpinnerView.swift in Sources */,
				543263502A175A0100C96A1A /* ServerError.swift in Sources */,
				541AAF802A16AA9600C4BCA4 /* FrameScreen.swift in Sources */,
				54C43CFC2A30D91B00807EC0 /* MediaView.swift in Sources */,
				54568E952A127D89001F5CE7 /* TextatizeApp.swift in Sources */,
				54C43CEE2A30C4D700807EC0 /* MainViewModel.swift in Sources */,
				543263542A1760E700C96A1A /* EventsResponse.swift in Sources */,
				542341702A49C43000DB8FD8 /* SettingsScreenViewModel.swift in Sources */,
				540977862A1E522C0079862F /* EnumHelpers.swift in Sources */,
				5498253F2A3A36BD0065CF62 /* AddEventCard.swift in Sources */,
				54D5670C2A461BB1005E52E9 /* FileDownloader.swift in Sources */,
				54C43CF52A30D22600807EC0 /* FrameViewModel.swift in Sources */,
				54568EC42A128496001F5CE7 /* Texts.swift in Sources */,
				542D540B2A20030D0016BCB2 /* CustomBackButtom.swift in Sources */,
				5432634A2A17525400C96A1A /* ServerResponse.swift in Sources */,
				542D540D2A2010B50016BCB2 /* EventResponse.swift in Sources */,
				54DAC6542A448CD700199E21 /* CacheManager.swift in Sources */,
				5462C02F2A3662A6008E0AD9 /* CameraPreview.swift in Sources */,
				540977892A1E55310079862F /* CheckInfoViewModel.swift in Sources */,
				54B45DA42A15182E0066302E /* SettingsScreen.swift in Sources */,
				54309C822A130D1F00C02B14 /* RecoveryScreen.swift in Sources */,
				543263452A1749F700C96A1A /* TextatizeAPI.swift in Sources */,
				543263522A17603200C96A1A /* Event.swift in Sources */,
				5468EF962A2FE8A4001C6FC5 /* Frame.swift in Sources */,
				543263482A17521D00C96A1A /* UserResponse.swift in Sources */,
				54B45D9E2A1517EF0066302E /* MainTabView.swift in Sources */,
				546F17EE2A202AB400554234 /* NetworkSpeedTest.swift in Sources */,
				54ACC11A2A3A25DE0051C4C6 /* CameraManager.swift in Sources */,
				5423416D2A49C3DC00DB8FD8 /* SettingsButton.swift in Sources */,
				549A6C1C2A2EBB5C000C1182 /* Services.swift in Sources */,
				549A6C1A2A2EB911000C1182 /* LocalImage.swift in Sources */,
				54568EC12A1283F5001F5CE7 /* LoginScreen.swift in Sources */,
				5468EF9A2A2FF175001C6FC5 /* FramesResponse.swift in Sources */,
				54C43CF82A30D52000807EC0 /* EventDetailScreenViewModel.swift in Sources */,
				5409777E2A1D42480079862F /* RegisterViewModel.swift in Sources */,
				54309C862A13331100C02B14 /* CreateAccountScreen.swift in Sources */,
				54511EC02A152F75002590A7 /* EventCard.swift in Sources */,
				543263592A17A85400C96A1A /* LoginViewModel.swift in Sources */,
				54DAC6562A448E1900199E21 /* NotificationCenterNames.swift in Sources */,
				54B45DA22A15181D0066302E /* FramesScreen.swift in Sources */,
				542D540F2A2020B80016BCB2 /* MediasResponse.swift in Sources */,
				33D266BDF418826A345793F5 /* EntityInfo-Textatize.generated.swift in Sources */,
			);
			runOnlyForDeploymentPostprocessing = 0;
		};
		54568E9D2A127D92001F5CE7 /* Sources */ = {
			isa = PBXSourcesBuildPhase;
			buildActionMask = 2147483647;
			files = (
				54568EA62A127D92001F5CE7 /* TextatizeTests.swift in Sources */,
			);
			runOnlyForDeploymentPostprocessing = 0;
		};
		54568EA72A127D92001F5CE7 /* Sources */ = {
			isa = PBXSourcesBuildPhase;
			buildActionMask = 2147483647;
			files = (
				54568EB02A127D92001F5CE7 /* TextatizeUITests.swift in Sources */,
				54568EB22A127D92001F5CE7 /* TextatizeUITestsLaunchTests.swift in Sources */,
			);
			runOnlyForDeploymentPostprocessing = 0;
		};
/* End PBXSourcesBuildPhase section */

/* Begin PBXTargetDependency section */
		54568EA32A127D92001F5CE7 /* PBXTargetDependency */ = {
			isa = PBXTargetDependency;
			target = 54568E902A127D89001F5CE7 /* Textatize */;
			targetProxy = 54568EA22A127D92001F5CE7 /* PBXContainerItemProxy */;
		};
		54568EAD2A127D92001F5CE7 /* PBXTargetDependency */ = {
			isa = PBXTargetDependency;
			target = 54568E902A127D89001F5CE7 /* Textatize */;
			targetProxy = 54568EAC2A127D92001F5CE7 /* PBXContainerItemProxy */;
		};
/* End PBXTargetDependency section */

/* Begin XCBuildConfiguration section */
		54568EB32A127D92001F5CE7 /* Debug */ = {
			isa = XCBuildConfiguration;
			buildSettings = {
				ALWAYS_SEARCH_USER_PATHS = NO;
				CLANG_ANALYZER_NONNULL = YES;
				CLANG_ANALYZER_NUMBER_OBJECT_CONVERSION = YES_AGGRESSIVE;
				CLANG_CXX_LANGUAGE_STANDARD = "gnu++20";
				CLANG_ENABLE_MODULES = YES;
				CLANG_ENABLE_OBJC_ARC = YES;
				CLANG_ENABLE_OBJC_WEAK = YES;
				CLANG_WARN_BLOCK_CAPTURE_AUTORELEASING = YES;
				CLANG_WARN_BOOL_CONVERSION = YES;
				CLANG_WARN_COMMA = YES;
				CLANG_WARN_CONSTANT_CONVERSION = YES;
				CLANG_WARN_DEPRECATED_OBJC_IMPLEMENTATIONS = YES;
				CLANG_WARN_DIRECT_OBJC_ISA_USAGE = YES_ERROR;
				CLANG_WARN_DOCUMENTATION_COMMENTS = YES;
				CLANG_WARN_EMPTY_BODY = YES;
				CLANG_WARN_ENUM_CONVERSION = YES;
				CLANG_WARN_INFINITE_RECURSION = YES;
				CLANG_WARN_INT_CONVERSION = YES;
				CLANG_WARN_NON_LITERAL_NULL_CONVERSION = YES;
				CLANG_WARN_OBJC_IMPLICIT_RETAIN_SELF = YES;
				CLANG_WARN_OBJC_LITERAL_CONVERSION = YES;
				CLANG_WARN_OBJC_ROOT_CLASS = YES_ERROR;
				CLANG_WARN_QUOTED_INCLUDE_IN_FRAMEWORK_HEADER = YES;
				CLANG_WARN_RANGE_LOOP_ANALYSIS = YES;
				CLANG_WARN_STRICT_PROTOTYPES = YES;
				CLANG_WARN_SUSPICIOUS_MOVE = YES;
				CLANG_WARN_UNGUARDED_AVAILABILITY = YES_AGGRESSIVE;
				CLANG_WARN_UNREACHABLE_CODE = YES;
				CLANG_WARN__DUPLICATE_METHOD_MATCH = YES;
				COPY_PHASE_STRIP = NO;
				DEBUG_INFORMATION_FORMAT = dwarf;
				ENABLE_STRICT_OBJC_MSGSEND = YES;
				ENABLE_TESTABILITY = YES;
				GCC_C_LANGUAGE_STANDARD = gnu11;
				GCC_DYNAMIC_NO_PIC = NO;
				GCC_NO_COMMON_BLOCKS = YES;
				GCC_OPTIMIZATION_LEVEL = 0;
				GCC_PREPROCESSOR_DEFINITIONS = (
					"DEBUG=1",
					"$(inherited)",
				);
				GCC_WARN_64_TO_32_BIT_CONVERSION = YES;
				GCC_WARN_ABOUT_RETURN_TYPE = YES_ERROR;
				GCC_WARN_UNDECLARED_SELECTOR = YES;
				GCC_WARN_UNINITIALIZED_AUTOS = YES_AGGRESSIVE;
				GCC_WARN_UNUSED_FUNCTION = YES;
				GCC_WARN_UNUSED_VARIABLE = YES;
				IPHONEOS_DEPLOYMENT_TARGET = 16.0;
				MTL_ENABLE_DEBUG_INFO = INCLUDE_SOURCE;
				MTL_FAST_MATH = YES;
				ONLY_ACTIVE_ARCH = YES;
				SDKROOT = iphoneos;
				SWIFT_ACTIVE_COMPILATION_CONDITIONS = DEBUG;
				SWIFT_OPTIMIZATION_LEVEL = "-Onone";
			};
			name = Debug;
		};
		54568EB42A127D92001F5CE7 /* Release */ = {
			isa = XCBuildConfiguration;
			buildSettings = {
				ALWAYS_SEARCH_USER_PATHS = NO;
				CLANG_ANALYZER_NONNULL = YES;
				CLANG_ANALYZER_NUMBER_OBJECT_CONVERSION = YES_AGGRESSIVE;
				CLANG_CXX_LANGUAGE_STANDARD = "gnu++20";
				CLANG_ENABLE_MODULES = YES;
				CLANG_ENABLE_OBJC_ARC = YES;
				CLANG_ENABLE_OBJC_WEAK = YES;
				CLANG_WARN_BLOCK_CAPTURE_AUTORELEASING = YES;
				CLANG_WARN_BOOL_CONVERSION = YES;
				CLANG_WARN_COMMA = YES;
				CLANG_WARN_CONSTANT_CONVERSION = YES;
				CLANG_WARN_DEPRECATED_OBJC_IMPLEMENTATIONS = YES;
				CLANG_WARN_DIRECT_OBJC_ISA_USAGE = YES_ERROR;
				CLANG_WARN_DOCUMENTATION_COMMENTS = YES;
				CLANG_WARN_EMPTY_BODY = YES;
				CLANG_WARN_ENUM_CONVERSION = YES;
				CLANG_WARN_INFINITE_RECURSION = YES;
				CLANG_WARN_INT_CONVERSION = YES;
				CLANG_WARN_NON_LITERAL_NULL_CONVERSION = YES;
				CLANG_WARN_OBJC_IMPLICIT_RETAIN_SELF = YES;
				CLANG_WARN_OBJC_LITERAL_CONVERSION = YES;
				CLANG_WARN_OBJC_ROOT_CLASS = YES_ERROR;
				CLANG_WARN_QUOTED_INCLUDE_IN_FRAMEWORK_HEADER = YES;
				CLANG_WARN_RANGE_LOOP_ANALYSIS = YES;
				CLANG_WARN_STRICT_PROTOTYPES = YES;
				CLANG_WARN_SUSPICIOUS_MOVE = YES;
				CLANG_WARN_UNGUARDED_AVAILABILITY = YES_AGGRESSIVE;
				CLANG_WARN_UNREACHABLE_CODE = YES;
				CLANG_WARN__DUPLICATE_METHOD_MATCH = YES;
				COPY_PHASE_STRIP = NO;
				DEBUG_INFORMATION_FORMAT = "dwarf-with-dsym";
				ENABLE_NS_ASSERTIONS = NO;
				ENABLE_STRICT_OBJC_MSGSEND = YES;
				GCC_C_LANGUAGE_STANDARD = gnu11;
				GCC_NO_COMMON_BLOCKS = YES;
				GCC_WARN_64_TO_32_BIT_CONVERSION = YES;
				GCC_WARN_ABOUT_RETURN_TYPE = YES_ERROR;
				GCC_WARN_UNDECLARED_SELECTOR = YES;
				GCC_WARN_UNINITIALIZED_AUTOS = YES_AGGRESSIVE;
				GCC_WARN_UNUSED_FUNCTION = YES;
				GCC_WARN_UNUSED_VARIABLE = YES;
				IPHONEOS_DEPLOYMENT_TARGET = 16.0;
				MTL_ENABLE_DEBUG_INFO = NO;
				MTL_FAST_MATH = YES;
				SDKROOT = iphoneos;
				SWIFT_COMPILATION_MODE = wholemodule;
				SWIFT_OPTIMIZATION_LEVEL = "-O";
				VALIDATE_PRODUCT = YES;
			};
			name = Release;
		};
		54568EB62A127D92001F5CE7 /* Debug */ = {
			isa = XCBuildConfiguration;
			baseConfigurationReference = FD8F18B77DBF40E8887B0709 /* Pods-Textatize.debug.xcconfig */;
			buildSettings = {
				ASSETCATALOG_COMPILER_APPICON_NAME = AppIcon;
				ASSETCATALOG_COMPILER_GLOBAL_ACCENT_COLOR_NAME = AccentColor;
				CODE_SIGN_STYLE = Automatic;
				CURRENT_PROJECT_VERSION = 5;
				DEVELOPMENT_ASSET_PATHS = "\"Textatize/Preview Content\"";
				DEVELOPMENT_TEAM = AK9W2H28M2;
				ENABLE_PREVIEWS = YES;
				GENERATE_INFOPLIST_FILE = YES;
				INFOPLIST_FILE = Textatize/Info.plist;
				INFOPLIST_KEY_NSCameraUsageDescription = "Camera Needed to take photo.";
				INFOPLIST_KEY_UIApplicationSceneManifest_Generation = YES;
				INFOPLIST_KEY_UIApplicationSupportsIndirectInputEvents = YES;
				INFOPLIST_KEY_UILaunchScreen_Generation = YES;
				INFOPLIST_KEY_UIRequiresFullScreen = YES;
				INFOPLIST_KEY_UISupportedInterfaceOrientations = "UIInterfaceOrientationLandscapeLeft UIInterfaceOrientationLandscapeRight UIInterfaceOrientationPortrait";
				LD_RUNPATH_SEARCH_PATHS = (
					"$(inherited)",
					"@executable_path/Frameworks",
				);
				MARKETING_VERSION = 1.0;
				PRODUCT_BUNDLE_IDENTIFIER = com.textatize.ios;
				PRODUCT_NAME = "$(TARGET_NAME)";
				SWIFT_EMIT_LOC_STRINGS = YES;
				SWIFT_VERSION = 5.0;
				TARGETED_DEVICE_FAMILY = "1,2";
			};
			name = Debug;
		};
		54568EB72A127D92001F5CE7 /* Release */ = {
			isa = XCBuildConfiguration;
			baseConfigurationReference = 9175FEBC3E09916890F6FB7D /* Pods-Textatize.release.xcconfig */;
			buildSettings = {
				ASSETCATALOG_COMPILER_APPICON_NAME = AppIcon;
				ASSETCATALOG_COMPILER_GLOBAL_ACCENT_COLOR_NAME = AccentColor;
				CODE_SIGN_STYLE = Automatic;
				CURRENT_PROJECT_VERSION = 5;
				DEVELOPMENT_ASSET_PATHS = "\"Textatize/Preview Content\"";
				DEVELOPMENT_TEAM = AK9W2H28M2;
				ENABLE_PREVIEWS = YES;
				GENERATE_INFOPLIST_FILE = YES;
				INFOPLIST_FILE = Textatize/Info.plist;
				INFOPLIST_KEY_NSCameraUsageDescription = "Camera Needed to take photo.";
				INFOPLIST_KEY_UIApplicationSceneManifest_Generation = YES;
				INFOPLIST_KEY_UIApplicationSupportsIndirectInputEvents = YES;
				INFOPLIST_KEY_UILaunchScreen_Generation = YES;
				INFOPLIST_KEY_UIRequiresFullScreen = YES;
				INFOPLIST_KEY_UISupportedInterfaceOrientations = "UIInterfaceOrientationLandscapeLeft UIInterfaceOrientationLandscapeRight UIInterfaceOrientationPortrait";
				LD_RUNPATH_SEARCH_PATHS = (
					"$(inherited)",
					"@executable_path/Frameworks",
				);
				MARKETING_VERSION = 1.0;
				PRODUCT_BUNDLE_IDENTIFIER = com.textatize.ios;
				PRODUCT_NAME = "$(TARGET_NAME)";
				SWIFT_EMIT_LOC_STRINGS = YES;
				SWIFT_VERSION = 5.0;
				TARGETED_DEVICE_FAMILY = "1,2";
			};
			name = Release;
		};
		54568EB92A127D92001F5CE7 /* Debug */ = {
			isa = XCBuildConfiguration;
			buildSettings = {
				ALWAYS_EMBED_SWIFT_STANDARD_LIBRARIES = YES;
				BUNDLE_LOADER = "$(TEST_HOST)";
				CODE_SIGN_STYLE = Automatic;
				CURRENT_PROJECT_VERSION = 1;
				DEVELOPMENT_TEAM = Z6M7PV4442;
				GENERATE_INFOPLIST_FILE = YES;
				IPHONEOS_DEPLOYMENT_TARGET = 16.4;
				MARKETING_VERSION = 1.0;
				PRODUCT_BUNDLE_IDENTIFIER = com.Taznelius.TextatizeTests;
				PRODUCT_NAME = "$(TARGET_NAME)";
				SWIFT_EMIT_LOC_STRINGS = NO;
				SWIFT_VERSION = 5.0;
				TARGETED_DEVICE_FAMILY = "1,2";
				TEST_HOST = "$(BUILT_PRODUCTS_DIR)/Textatize.app/$(BUNDLE_EXECUTABLE_FOLDER_PATH)/Textatize";
			};
			name = Debug;
		};
		54568EBA2A127D92001F5CE7 /* Release */ = {
			isa = XCBuildConfiguration;
			buildSettings = {
				ALWAYS_EMBED_SWIFT_STANDARD_LIBRARIES = YES;
				BUNDLE_LOADER = "$(TEST_HOST)";
				CODE_SIGN_STYLE = Automatic;
				CURRENT_PROJECT_VERSION = 1;
				DEVELOPMENT_TEAM = Z6M7PV4442;
				GENERATE_INFOPLIST_FILE = YES;
				IPHONEOS_DEPLOYMENT_TARGET = 16.4;
				MARKETING_VERSION = 1.0;
				PRODUCT_BUNDLE_IDENTIFIER = com.Taznelius.TextatizeTests;
				PRODUCT_NAME = "$(TARGET_NAME)";
				SWIFT_EMIT_LOC_STRINGS = NO;
				SWIFT_VERSION = 5.0;
				TARGETED_DEVICE_FAMILY = "1,2";
				TEST_HOST = "$(BUILT_PRODUCTS_DIR)/Textatize.app/$(BUNDLE_EXECUTABLE_FOLDER_PATH)/Textatize";
			};
			name = Release;
		};
		54568EBC2A127D92001F5CE7 /* Debug */ = {
			isa = XCBuildConfiguration;
			buildSettings = {
				ALWAYS_EMBED_SWIFT_STANDARD_LIBRARIES = YES;
				CODE_SIGN_STYLE = Automatic;
				CURRENT_PROJECT_VERSION = 1;
				DEVELOPMENT_TEAM = Z6M7PV4442;
				GENERATE_INFOPLIST_FILE = YES;
				MARKETING_VERSION = 1.0;
				PRODUCT_BUNDLE_IDENTIFIER = com.Taznelius.TextatizeUITests;
				PRODUCT_NAME = "$(TARGET_NAME)";
				SWIFT_EMIT_LOC_STRINGS = NO;
				SWIFT_VERSION = 5.0;
				TARGETED_DEVICE_FAMILY = "1,2";
				TEST_TARGET_NAME = Textatize;
			};
			name = Debug;
		};
		54568EBD2A127D92001F5CE7 /* Release */ = {
			isa = XCBuildConfiguration;
			buildSettings = {
				ALWAYS_EMBED_SWIFT_STANDARD_LIBRARIES = YES;
				CODE_SIGN_STYLE = Automatic;
				CURRENT_PROJECT_VERSION = 1;
				DEVELOPMENT_TEAM = Z6M7PV4442;
				GENERATE_INFOPLIST_FILE = YES;
				MARKETING_VERSION = 1.0;
				PRODUCT_BUNDLE_IDENTIFIER = com.Taznelius.TextatizeUITests;
				PRODUCT_NAME = "$(TARGET_NAME)";
				SWIFT_EMIT_LOC_STRINGS = NO;
				SWIFT_VERSION = 5.0;
				TARGETED_DEVICE_FAMILY = "1,2";
				TEST_TARGET_NAME = Textatize;
			};
			name = Release;
		};
/* End XCBuildConfiguration section */

/* Begin XCConfigurationList section */
		54568E8C2A127D89001F5CE7 /* Build configuration list for PBXProject "Textatize" */ = {
			isa = XCConfigurationList;
			buildConfigurations = (
				54568EB32A127D92001F5CE7 /* Debug */,
				54568EB42A127D92001F5CE7 /* Release */,
			);
			defaultConfigurationIsVisible = 0;
			defaultConfigurationName = Release;
		};
		54568EB52A127D92001F5CE7 /* Build configuration list for PBXNativeTarget "Textatize" */ = {
			isa = XCConfigurationList;
			buildConfigurations = (
				54568EB62A127D92001F5CE7 /* Debug */,
				54568EB72A127D92001F5CE7 /* Release */,
			);
			defaultConfigurationIsVisible = 0;
			defaultConfigurationName = Release;
		};
		54568EB82A127D92001F5CE7 /* Build configuration list for PBXNativeTarget "TextatizeTests" */ = {
			isa = XCConfigurationList;
			buildConfigurations = (
				54568EB92A127D92001F5CE7 /* Debug */,
				54568EBA2A127D92001F5CE7 /* Release */,
			);
			defaultConfigurationIsVisible = 0;
			defaultConfigurationName = Release;
		};
		54568EBB2A127D92001F5CE7 /* Build configuration list for PBXNativeTarget "TextatizeUITests" */ = {
			isa = XCConfigurationList;
			buildConfigurations = (
				54568EBC2A127D92001F5CE7 /* Debug */,
				54568EBD2A127D92001F5CE7 /* Release */,
			);
			defaultConfigurationIsVisible = 0;
			defaultConfigurationName = Release;
		};
/* End XCConfigurationList section */
	};
	rootObject = 54568E892A127D89001F5CE7 /* Project object */;
}
